
Microsoft Visual Studio Solution File, Format Version 12.00
# Visual Studio Version 16
VisualStudioVersion = 16.0.31424.327
MinimumVisualStudioVersion = 10.0.40219.1
Project("{9A19103F-16F7-4668-BE54-9A1E7A4F7556}") = "Coats.Data", "Coats.Data\Coats.Data.csproj", "{23A408C3-91D5-418E-AADE-72B8E2D0AB2A}"
EndProject
Project("{9A19103F-16F7-4668-BE54-9A1E7A4F7556}") = "Coats.Repository", "Coats.Repository\Coats.Repository.csproj", "{F9238ECC-7B21-45CA-8EAD-CFCB9F66DC83}"
EndProject
Project("{9A19103F-16F7-4668-BE54-9A1E7A4F7556}") = "Coats.Services", "Coats.Services\Coats.Services.csproj", "{7F388A8F-EA1F-4938-9FE3-F904F80C7804}"
EndProject
Project("{9A19103F-16F7-4668-BE54-9A1E7A4F7556}") = "Coats.SPAUI", "Coats.SPAUI\Coats.SPAUI.csproj", "{1CBC1549-D218-4163-8EBB-626D31BA85F2}"
EndProject
Global
	GlobalSection(SolutionConfigurationPlatforms) = preSolution
		Debug|Any CPU = Debug|Any CPU
		Release|Any CPU = Release|Any CPU
	EndGlobalSection
	GlobalSection(ProjectConfigurationPlatforms) = postSolution
		{23A408C3-91D5-418E-AADE-72B8E2D0AB2A}.Debug|Any CPU.ActiveCfg = Debug|Any CPU
		{23A408C3-91D5-418E-AADE-72B8E2D0AB2A}.Debug|Any CPU.Build.0 = Debug|Any CPU
		{23A408C3-91D5-418E-AADE-72B8E2D0AB2A}.Release|Any CPU.ActiveCfg = Release|Any CPU
		{23A408C3-91D5-418E-AADE-72B8E2D0AB2A}.Release|Any CPU.Build.0 = Release|Any CPU
		{F9238ECC-7B21-45CA-8EAD-CFCB9F66DC83}.Debug|Any CPU.ActiveCfg = Debug|Any CPU
		{F9238ECC-7B21-45CA-8EAD-CFCB9F66DC83}.Debug|Any CPU.Build.0 = Debug|Any CPU
		{F9238ECC-7B21-45CA-8EAD-CFCB9F66DC83}.Release|Any CPU.ActiveCfg = Release|Any CPU
		{F9238ECC-7B21-45CA-8EAD-CFCB9F66DC83}.Release|Any CPU.Build.0 = Release|Any CPU
		{7F388A8F-EA1F-4938-9FE3-F904F80C7804}.Debug|Any CPU.ActiveCfg = Debug|Any CPU
		{7F388A8F-EA1F-4938-9FE3-F904F80C7804}.Debug|Any CPU.Build.0 = Debug|Any CPU
		{7F388A8F-EA1F-4938-9FE3-F904F80C7804}.Release|Any CPU.ActiveCfg = Release|Any CPU
		{7F388A8F-EA1F-4938-9FE3-F904F80C7804}.Release|Any CPU.Build.0 = Release|Any CPU
		{1CBC1549-D218-4163-8EBB-626D31BA85F2}.Debug|Any CPU.ActiveCfg = Debug|Any CPU
		{1CBC1549-D218-4163-8EBB-626D31BA85F2}.Debug|Any CPU.Build.0 = Debug|Any CPU
		{1CBC1549-D218-4163-8EBB-626D31BA85F2}.Release|Any CPU.ActiveCfg = Release|Any CPU
		{1CBC1549-D218-4163-8EBB-626D31BA85F2}.Release|Any CPU.Build.0 = Release|Any CPU
	EndGlobalSection
	GlobalSection(SolutionProperties) = preSolution
		HideSolutionNode = FALSE
	EndGlobalSection
	GlobalSection(ExtensibilityGlobals) = postSolution
		SolutionGuid = {2880D560-6CCB-4821-901C-D696380A7D93}
	EndGlobalSection
EndGlobal
